
Microsoft Visual Studio Solution File, Format Version 12.00
# Visual Studio Version 17
VisualStudioVersion = 17.14.36623.8
MinimumVisualStudioVersion = 10.0.40219.1
Project("{2150E333-8FDC-42A3-9474-1A3956D46DE8}") = "Task 0", "Task 0", "{02EA681E-C7D8-13C7-8484-4AC65E1B71E8}"
EndProject
Project("{FAE04EC0-301F-11D3-BF4B-00C04F79EFBC}") = "Tyuiu.HaevGS.Sprint4.Task0.V28", "Tyuiu.HaevGS.Sprint4.Task0.V28\Tyuiu.HaevGS.Sprint4.Task0.V28.csproj", "{C9E139EB-D931-4545-81C5-3E9A9DBE10A1}"
EndProject
Project("{FAE04EC0-301F-11D3-BF4B-00C04F79EFBC}") = "Tyuiu.HaevGS.Sprint4.Task0.V28.Lib", "Tyuiu.HaevGS.Sprint4.Task0.V28.Lib\Tyuiu.HaevGS.Sprint4.Task0.V28.Lib.csproj", "{ECA7D4D1-543A-4061-A7D4-BC5D175A2B25}"
EndProject
Project("{FAE04EC0-301F-11D3-BF4B-00C04F79EFBC}") = "Tyuiu.HaevGS.Sprint4.Task0.V28.Test", "Tyuiu.HaevGS.Sprint4.Task0.V28.Test\Tyuiu.HaevGS.Sprint4.Task0.V28.Test.csproj", "{94D47F93-B238-4669-9544-DCA680884D6B}"
EndProject
Project("{2150E333-8FDC-42A3-9474-1A3956D46DE8}") = "Task 1", "Task 1", "{C088982C-AAFE-45FE-86AD-608C86D333AA}"
EndProject
Project("{FAE04EC0-301F-11D3-BF4B-00C04F79EFBC}") = "Tyuiu.HaevGS.Sprint4.Task1.V8", "Tyuiu.HaevGS.Sprint4.Task1.V8\Tyuiu.HaevGS.Sprint4.Task1.V8.csproj", "{F6840A01-46C2-4751-96C0-DA7EFCC06ED7}"
EndProject
Project("{FAE04EC0-301F-11D3-BF4B-00C04F79EFBC}") = "Tyuiu.HaevGS.Sprint4.Task1.V8.Lib", "Tyuiu.HaevGS.Sprint4.Task1.V8.Lib\Tyuiu.HaevGS.Sprint4.Task1.V8.Lib.csproj", "{717E83FE-9A5C-473F-BBD8-E29F98A7D438}"
EndProject
Project("{FAE04EC0-301F-11D3-BF4B-00C04F79EFBC}") = "Tyuiu.HaevGS.Sprint4.Task1.V8.Test", "Tyuiu.HaevGS.Sprint4.Task1.V8.Test\Tyuiu.HaevGS.Sprint4.Task1.V8.Test.csproj", "{92A59603-428E-4D18-86F3-0F6F159C13AB}"
EndProject
Project("{2150E333-8FDC-42A3-9474-1A3956D46DE8}") = "Task 2", "Task 2", "{5A038054-96A4-4790-9F8F-6CFE5795EF1E}"
EndProject
Project("{FAE04EC0-301F-11D3-BF4B-00C04F79EFBC}") = "Tyuiu.HaevGS.Sprint4.Task2.V16", "Tyuiu.HaevGS.Sprint4.Task2.V16\Tyuiu.HaevGS.Sprint4.Task2.V16.csproj", "{153359C4-BC42-4137-AC3F-0F8C75409DD0}"
EndProject
Project("{FAE04EC0-301F-11D3-BF4B-00C04F79EFBC}") = "Tyuiu.HaevGS.Sprint4.Task2.V16.Lib", "Tyuiu.HaevGS.Sprint4.Task2.V16.Lib\Tyuiu.HaevGS.Sprint4.Task2.V16.Lib.csproj", "{189DCEA3-BF6B-4AB1-9F46-2C0E278C9EC7}"
EndProject
Project("{FAE04EC0-301F-11D3-BF4B-00C04F79EFBC}") = "Tyuiu.HaevGS.Sprint4.Task2.V16.Test", "Tyuiu.HaevGS.Sprint4.Task2.V16.Test\Tyuiu.HaevGS.Sprint4.Task2.V16.Test.csproj", "{C9BB88F3-F671-4C98-9ECD-868D4587C47B}"
EndProject
Project("{2150E333-8FDC-42A3-9474-1A3956D46DE8}") = "Task 3", "Task 3", "{3AA2B621-0993-42D8-89A4-FF917D450A8D}"
EndProject
Project("{FAE04EC0-301F-11D3-BF4B-00C04F79EFBC}") = "Tyuiu.HaevGS.Sprint4.Task3.V6", "Tyuiu.HaevGS.Sprint4.Task3.V6\Tyuiu.HaevGS.Sprint4.Task3.V6.csproj", "{C3EA3878-EF8F-4BEF-89D5-BB03A0BB2C91}"
EndProject
Project("{FAE04EC0-301F-11D3-BF4B-00C04F79EFBC}") = "Tyuiu.HaevGS.Sprint4.Task3.V6.Lib", "Tyuiu.HaevGS.Sprint4.Task3.V6.Lib\Tyuiu.HaevGS.Sprint4.Task3.V6.Lib.csproj", "{CB7F8356-A565-4AB1-BB0E-54F8FD34A2F3}"
EndProject
Project("{FAE04EC0-301F-11D3-BF4B-00C04F79EFBC}") = "Tyuiu.HaevGS.Sprint4.Task3.V6.Test", "Tyuiu.HaevGS.Sprint4.Task3.V6.Test\Tyuiu.HaevGS.Sprint4.Task3.V6.Test.csproj", "{9BE73D2E-53C4-4B30-8A92-F3930FAA2CAD}"
EndProject
Project("{2150E333-8FDC-42A3-9474-1A3956D46DE8}") = "Task 4", "Task 4", "{3A31F550-D049-439A-A058-F1918B87C314}"
EndProject
Project("{FAE04EC0-301F-11D3-BF4B-00C04F79EFBC}") = "Tyuiu.HaevGS.Sprint4.Task4.V2", "Tyuiu.HaevGS.Sprint4.Task4.V2\Tyuiu.HaevGS.Sprint4.Task4.V2.csproj", "{208DFBCC-6DA5-404F-81FD-B1A66B958461}"
EndProject
Project("{FAE04EC0-301F-11D3-BF4B-00C04F79EFBC}") = "Tyuiu.HaevGS.Sprint4.Task4.V2.Lib", "Tyuiu.HaevGS.Sprint4.Task4.V2.Lib\Tyuiu.HaevGS.Sprint4.Task4.V2.Lib.csproj", "{A8C85DB7-444D-4DCA-AD37-04501285FFBC}"
EndProject
Project("{FAE04EC0-301F-11D3-BF4B-00C04F79EFBC}") = "Tyuiu.HaevGS.Sprint4.Task4.V2.Test", "Tyuiu.HaevGS.Sprint4.Task4.V2.Test\Tyuiu.HaevGS.Sprint4.Task4.V2.Test.csproj", "{2F491FC5-95EA-4C9A-A509-2C36A3320D66}"
EndProject
Project("{2150E333-8FDC-42A3-9474-1A3956D46DE8}") = "Task 5", "Task 5", "{DAE7F96F-CE88-45CA-B675-9EE8D5276ABE}"
EndProject
Project("{FAE04EC0-301F-11D3-BF4B-00C04F79EFBC}") = "Tyuiu.HaevGS.Sprint4.Task5.V3", "Tyuiu.HaevGS.Sprint4.Task5.V3\Tyuiu.HaevGS.Sprint4.Task5.V3.csproj", "{6CCEC4FF-34A2-4E69-9BAA-433884BEB737}"
EndProject
Project("{FAE04EC0-301F-11D3-BF4B-00C04F79EFBC}") = "Tyuiu.HaevGS.Sprint4.Task5.V3.Lib", "Tyuiu.HaevGS.Sprint4.Task5.V3.Lib\Tyuiu.HaevGS.Sprint4.Task5.V3.Lib.csproj", "{30814221-906E-410C-A903-664361F814B0}"
EndProject
Project("{FAE04EC0-301F-11D3-BF4B-00C04F79EFBC}") = "Tyuiu.HaevGS.Sprint4.Task5.V3.Test", "Tyuiu.HaevGS.Sprint4.Task5.V3.Test\Tyuiu.HaevGS.Sprint4.Task5.V3.Test.csproj", "{2C7A660E-0EDA-4EEA-9123-FE24505BE64D}"
EndProject
Project("{2150E333-8FDC-42A3-9474-1A3956D46DE8}") = "Task 6", "Task 6", "{0C40F483-3E35-40AF-813B-CBA867D34A4B}"
EndProject
Project("{FAE04EC0-301F-11D3-BF4B-00C04F79EFBC}") = "Tyuiu.HaevGS.Sprint4.Task6.V16", "Tyuiu.HaevGS.Sprint4.Task6.V16\Tyuiu.HaevGS.Sprint4.Task6.V16.csproj", "{CD3B7B90-9F31-46B5-842D-18BD512ABF43}"
EndProject
Project("{FAE04EC0-301F-11D3-BF4B-00C04F79EFBC}") = "Tyuiu.HaevGS.Sprint4.Task6.V16.Lib", "Tyuiu.HaevGS.Sprint4.Task6.V16.Lib\Tyuiu.HaevGS.Sprint4.Task6.V16.Lib.csproj", "{330DE53D-164C-42D0-A64C-1402884F3139}"
EndProject
Project("{FAE04EC0-301F-11D3-BF4B-00C04F79EFBC}") = "Tyuiu.HaevGS.Sprint4.Task6.V16.Test", "Tyuiu.HaevGS.Sprint4.Task6.V16.Test\Tyuiu.HaevGS.Sprint4.Task6.V16.Test.csproj", "{D113FE6E-F2A7-49A9-A5CD-5A42C6DE7388}"
EndProject
Global
	GlobalSection(SolutionConfigurationPlatforms) = preSolution
		Debug|Any CPU = Debug|Any CPU
		Release|Any CPU = Release|Any CPU
	EndGlobalSection
	GlobalSection(ProjectConfigurationPlatforms) = postSolution
		{C9E139EB-D931-4545-81C5-3E9A9DBE10A1}.Debug|Any CPU.ActiveCfg = Debug|Any CPU
		{C9E139EB-D931-4545-81C5-3E9A9DBE10A1}.Debug|Any CPU.Build.0 = Debug|Any CPU
		{C9E139EB-D931-4545-81C5-3E9A9DBE10A1}.Release|Any CPU.ActiveCfg = Release|Any CPU
		{C9E139EB-D931-4545-81C5-3E9A9DBE10A1}.Release|Any CPU.Build.0 = Release|Any CPU
		{ECA7D4D1-543A-4061-A7D4-BC5D175A2B25}.Debug|Any CPU.ActiveCfg = Debug|Any CPU
		{ECA7D4D1-543A-4061-A7D4-BC5D175A2B25}.Debug|Any CPU.Build.0 = Debug|Any CPU
		{ECA7D4D1-543A-4061-A7D4-BC5D175A2B25}.Release|Any CPU.ActiveCfg = Release|Any CPU
		{ECA7D4D1-543A-4061-A7D4-BC5D175A2B25}.Release|Any CPU.Build.0 = Release|Any CPU
		{94D47F93-B238-4669-9544-DCA680884D6B}.Debug|Any CPU.ActiveCfg = Debug|Any CPU
		{94D47F93-B238-4669-9544-DCA680884D6B}.Debug|Any CPU.Build.0 = Debug|Any CPU
		{94D47F93-B238-4669-9544-DCA680884D6B}.Release|Any CPU.ActiveCfg = Release|Any CPU
		{94D47F93-B238-4669-9544-DCA680884D6B}.Release|Any CPU.Build.0 = Release|Any CPU
		{F6840A01-46C2-4751-96C0-DA7EFCC06ED7}.Debug|Any CPU.ActiveCfg = Debug|Any CPU
		{F6840A01-46C2-4751-96C0-DA7EFCC06ED7}.Debug|Any CPU.Build.0 = Debug|Any CPU
		{F6840A01-46C2-4751-96C0-DA7EFCC06ED7}.Release|Any CPU.ActiveCfg = Release|Any CPU
		{F6840A01-46C2-4751-96C0-DA7EFCC06ED7}.Release|Any CPU.Build.0 = Release|Any CPU
		{717E83FE-9A5C-473F-BBD8-E29F98A7D438}.Debug|Any CPU.ActiveCfg = Debug|Any CPU
		{717E83FE-9A5C-473F-BBD8-E29F98A7D438}.Debug|Any CPU.Build.0 = Debug|Any CPU
		{717E83FE-9A5C-473F-BBD8-E29F98A7D438}.Release|Any CPU.ActiveCfg = Release|Any CPU
		{717E83FE-9A5C-473F-BBD8-E29F98A7D438}.Release|Any CPU.Build.0 = Release|Any CPU
		{92A59603-428E-4D18-86F3-0F6F159C13AB}.Debug|Any CPU.ActiveCfg = Debug|Any CPU
		{92A59603-428E-4D18-86F3-0F6F159C13AB}.Debug|Any CPU.Build.0 = Debug|Any CPU
		{92A59603-428E-4D18-86F3-0F6F159C13AB}.Release|Any CPU.ActiveCfg = Release|Any CPU
		{92A59603-428E-4D18-86F3-0F6F159C13AB}.Release|Any CPU.Build.0 = Release|Any CPU
		{153359C4-BC42-4137-AC3F-0F8C75409DD0}.Debug|Any CPU.ActiveCfg = Debug|Any CPU
		{153359C4-BC42-4137-AC3F-0F8C75409DD0}.Debug|Any CPU.Build.0 = Debug|Any CPU
		{153359C4-BC42-4137-AC3F-0F8C75409DD0}.Release|Any CPU.ActiveCfg = Release|Any CPU
		{153359C4-BC42-4137-AC3F-0F8C75409DD0}.Release|Any CPU.Build.0 = Release|Any CPU
		{189DCEA3-BF6B-4AB1-9F46-2C0E278C9EC7}.Debug|Any CPU.ActiveCfg = Debug|Any CPU
		{189DCEA3-BF6B-4AB1-9F46-2C0E278C9EC7}.Debug|Any CPU.Build.0 = Debug|Any CPU
		{189DCEA3-BF6B-4AB1-9F46-2C0E278C9EC7}.Release|Any CPU.ActiveCfg = Release|Any CPU
		{189DCEA3-BF6B-4AB1-9F46-2C0E278C9EC7}.Release|Any CPU.Build.0 = Release|Any CPU
		{C9BB88F3-F671-4C98-9ECD-868D4587C47B}.Debug|Any CPU.ActiveCfg = Debug|Any CPU
		{C9BB88F3-F671-4C98-9ECD-868D4587C47B}.Debug|Any CPU.Build.0 = Debug|Any CPU
		{C9BB88F3-F671-4C98-9ECD-868D4587C47B}.Release|Any CPU.ActiveCfg = Release|Any CPU
		{C9BB88F3-F671-4C98-9ECD-868D4587C47B}.Release|Any CPU.Build.0 = Release|Any CPU
		{C3EA3878-EF8F-4BEF-89D5-BB03A0BB2C91}.Debug|Any CPU.ActiveCfg = Debug|Any CPU
		{C3EA3878-EF8F-4BEF-89D5-BB03A0BB2C91}.Debug|Any CPU.Build.0 = Debug|Any CPU
		{C3EA3878-EF8F-4BEF-89D5-BB03A0BB2C91}.Release|Any CPU.ActiveCfg = Release|Any CPU
		{C3EA3878-EF8F-4BEF-89D5-BB03A0BB2C91}.Release|Any CPU.Build.0 = Release|Any CPU
		{CB7F8356-A565-4AB1-BB0E-54F8FD34A2F3}.Debug|Any CPU.ActiveCfg = Debug|Any CPU
		{CB7F8356-A565-4AB1-BB0E-54F8FD34A2F3}.Debug|Any CPU.Build.0 = Debug|Any CPU
		{CB7F8356-A565-4AB1-BB0E-54F8FD34A2F3}.Release|Any CPU.ActiveCfg = Release|Any CPU
		{CB7F8356-A565-4AB1-BB0E-54F8FD34A2F3}.Release|Any CPU.Build.0 = Release|Any CPU
		{9BE73D2E-53C4-4B30-8A92-F3930FAA2CAD}.Debug|Any CPU.ActiveCfg = Debug|Any CPU
		{9BE73D2E-53C4-4B30-8A92-F3930FAA2CAD}.Debug|Any CPU.Build.0 = Debug|Any CPU
		{9BE73D2E-53C4-4B30-8A92-F3930FAA2CAD}.Release|Any CPU.ActiveCfg = Release|Any CPU
		{9BE73D2E-53C4-4B30-8A92-F3930FAA2CAD}.Release|Any CPU.Build.0 = Release|Any CPU
		{208DFBCC-6DA5-404F-81FD-B1A66B958461}.Debug|Any CPU.ActiveCfg = Debug|Any CPU
		{208DFBCC-6DA5-404F-81FD-B1A66B958461}.Debug|Any CPU.Build.0 = Debug|Any CPU
		{208DFBCC-6DA5-404F-81FD-B1A66B958461}.Release|Any CPU.ActiveCfg = Release|Any CPU
		{208DFBCC-6DA5-404F-81FD-B1A66B958461}.Release|Any CPU.Build.0 = Release|Any CPU
		{A8C85DB7-444D-4DCA-AD37-04501285FFBC}.Debug|Any CPU.ActiveCfg = Debug|Any CPU
		{A8C85DB7-444D-4DCA-AD37-04501285FFBC}.Debug|Any CPU.Build.0 = Debug|Any CPU
		{A8C85DB7-444D-4DCA-AD37-04501285FFBC}.Release|Any CPU.ActiveCfg = Release|Any CPU
		{A8C85DB7-444D-4DCA-AD37-04501285FFBC}.Release|Any CPU.Build.0 = Release|Any CPU
		{2F491FC5-95EA-4C9A-A509-2C36A3320D66}.Debug|Any CPU.ActiveCfg = Debug|Any CPU
		{2F491FC5-95EA-4C9A-A509-2C36A3320D66}.Debug|Any CPU.Build.0 = Debug|Any CPU
		{2F491FC5-95EA-4C9A-A509-2C36A3320D66}.Release|Any CPU.ActiveCfg = Release|Any CPU
		{2F491FC5-95EA-4C9A-A509-2C36A3320D66}.Release|Any CPU.Build.0 = Release|Any CPU
		{6CCEC4FF-34A2-4E69-9BAA-433884BEB737}.Debug|Any CPU.ActiveCfg = Debug|Any CPU
		{6CCEC4FF-34A2-4E69-9BAA-433884BEB737}.Debug|Any CPU.Build.0 = Debug|Any CPU
		{6CCEC4FF-34A2-4E69-9BAA-433884BEB737}.Release|Any CPU.ActiveCfg = Release|Any CPU
		{6CCEC4FF-34A2-4E69-9BAA-433884BEB737}.Release|Any CPU.Build.0 = Release|Any CPU
		{30814221-906E-410C-A903-664361F814B0}.Debug|Any CPU.ActiveCfg = Debug|Any CPU
		{30814221-906E-410C-A903-664361F814B0}.Debug|Any CPU.Build.0 = Debug|Any CPU
		{30814221-906E-410C-A903-664361F814B0}.Release|Any CPU.ActiveCfg = Release|Any CPU
		{30814221-906E-410C-A903-664361F814B0}.Release|Any CPU.Build.0 = Release|Any CPU
		{2C7A660E-0EDA-4EEA-9123-FE24505BE64D}.Debug|Any CPU.ActiveCfg = Debug|Any CPU
		{2C7A660E-0EDA-4EEA-9123-FE24505BE64D}.Debug|Any CPU.Build.0 = Debug|Any CPU
		{2C7A660E-0EDA-4EEA-9123-FE24505BE64D}.Release|Any CPU.ActiveCfg = Release|Any CPU
		{2C7A660E-0EDA-4EEA-9123-FE24505BE64D}.Release|Any CPU.Build.0 = Release|Any CPU
		{CD3B7B90-9F31-46B5-842D-18BD512ABF43}.Debug|Any CPU.ActiveCfg = Debug|Any CPU
		{CD3B7B90-9F31-46B5-842D-18BD512ABF43}.Debug|Any CPU.Build.0 = Debug|Any CPU
		{CD3B7B90-9F31-46B5-842D-18BD512ABF43}.Release|Any CPU.ActiveCfg = Release|Any CPU
		{CD3B7B90-9F31-46B5-842D-18BD512ABF43}.Release|Any CPU.Build.0 = Release|Any CPU
		{330DE53D-164C-42D0-A64C-1402884F3139}.Debug|Any CPU.ActiveCfg = Debug|Any CPU
		{330DE53D-164C-42D0-A64C-1402884F3139}.Debug|Any CPU.Build.0 = Debug|Any CPU
		{330DE53D-164C-42D0-A64C-1402884F3139}.Release|Any CPU.ActiveCfg = Release|Any CPU
		{330DE53D-164C-42D0-A64C-1402884F3139}.Release|Any CPU.Build.0 = Release|Any CPU
		{D113FE6E-F2A7-49A9-A5CD-5A42C6DE7388}.Debug|Any CPU.ActiveCfg = Debug|Any CPU
		{D113FE6E-F2A7-49A9-A5CD-5A42C6DE7388}.Debug|Any CPU.Build.0 = Debug|Any CPU
		{D113FE6E-F2A7-49A9-A5CD-5A42C6DE7388}.Release|Any CPU.ActiveCfg = Release|Any CPU
		{D113FE6E-F2A7-49A9-A5CD-5A42C6DE7388}.Release|Any CPU.Build.0 = Release|Any CPU
	EndGlobalSection
	GlobalSection(SolutionProperties) = preSolution
		HideSolutionNode = FALSE
	EndGlobalSection
	GlobalSection(NestedProjects) = preSolution
		{C9E139EB-D931-4545-81C5-3E9A9DBE10A1} = {02EA681E-C7D8-13C7-8484-4AC65E1B71E8}
		{ECA7D4D1-543A-4061-A7D4-BC5D175A2B25} = {02EA681E-C7D8-13C7-8484-4AC65E1B71E8}
		{94D47F93-B238-4669-9544-DCA680884D6B} = {02EA681E-C7D8-13C7-8484-4AC65E1B71E8}
		{F6840A01-46C2-4751-96C0-DA7EFCC06ED7} = {C088982C-AAFE-45FE-86AD-608C86D333AA}
		{717E83FE-9A5C-473F-BBD8-E29F98A7D438} = {C088982C-AAFE-45FE-86AD-608C86D333AA}
		{92A59603-428E-4D18-86F3-0F6F159C13AB} = {C088982C-AAFE-45FE-86AD-608C86D333AA}
		{153359C4-BC42-4137-AC3F-0F8C75409DD0} = {5A038054-96A4-4790-9F8F-6CFE5795EF1E}
		{189DCEA3-BF6B-4AB1-9F46-2C0E278C9EC7} = {5A038054-96A4-4790-9F8F-6CFE5795EF1E}
		{C9BB88F3-F671-4C98-9ECD-868D4587C47B} = {5A038054-96A4-4790-9F8F-6CFE5795EF1E}
		{C3EA3878-EF8F-4BEF-89D5-BB03A0BB2C91} = {3AA2B621-0993-42D8-89A4-FF917D450A8D}
		{CB7F8356-A565-4AB1-BB0E-54F8FD34A2F3} = {3AA2B621-0993-42D8-89A4-FF917D450A8D}
		{9BE73D2E-53C4-4B30-8A92-F3930FAA2CAD} = {3AA2B621-0993-42D8-89A4-FF917D450A8D}
		{208DFBCC-6DA5-404F-81FD-B1A66B958461} = {3A31F550-D049-439A-A058-F1918B87C314}
		{A8C85DB7-444D-4DCA-AD37-04501285FFBC} = {3A31F550-D049-439A-A058-F1918B87C314}
		{2F491FC5-95EA-4C9A-A509-2C36A3320D66} = {3A31F550-D049-439A-A058-F1918B87C314}
		{6CCEC4FF-34A2-4E69-9BAA-433884BEB737} = {DAE7F96F-CE88-45CA-B675-9EE8D5276ABE}
		{30814221-906E-410C-A903-664361F814B0} = {DAE7F96F-CE88-45CA-B675-9EE8D5276ABE}
		{2C7A660E-0EDA-4EEA-9123-FE24505BE64D} = {DAE7F96F-CE88-45CA-B675-9EE8D5276ABE}
		{CD3B7B90-9F31-46B5-842D-18BD512ABF43} = {0C40F483-3E35-40AF-813B-CBA867D34A4B}
		{330DE53D-164C-42D0-A64C-1402884F3139} = {0C40F483-3E35-40AF-813B-CBA867D34A4B}
		{D113FE6E-F2A7-49A9-A5CD-5A42C6DE7388} = {0C40F483-3E35-40AF-813B-CBA867D34A4B}
	EndGlobalSection
	GlobalSection(ExtensibilityGlobals) = postSolution
		SolutionGuid = {9D345FB4-43D0-45F7-9B8D-B33C4D7267FE}
	EndGlobalSection
EndGlobal
